
Microsoft Visual Studio Solution File, Format Version 12.00
# Visual Studio Version 17
VisualStudioVersion = 17.8.34309.116
MinimumVisualStudioVersion = 10.0.40219.1
Project("{FAE04EC0-301F-11D3-BF4B-00C04F79EFBC}") = "MotoApp", "MotoApp\MotoApp.csproj", "{4165C449-DB5E-4D03-A5B0-9DA18E21D607}"
EndProject
Global
	GlobalSection(SolutionConfigurationPlatforms) = preSolution
		Debug|Any CPU = Debug|Any CPU
		Release|Any CPU = Release|Any CPU
	EndGlobalSection
	GlobalSection(ProjectConfigurationPlatforms) = postSolution
		{4165C449-DB5E-4D03-A5B0-9DA18E21D607}.Debug|Any CPU.ActiveCfg = Debug|Any CPU
		{4165C449-DB5E-4D03-A5B0-9DA18E21D607}.Debug|Any CPU.Build.0 = Debug|Any CPU
		{4165C449-DB5E-4D03-A5B0-9DA18E21D607}.Release|Any CPU.ActiveCfg = Release|Any CPU
		{4165C449-DB5E-4D03-A5B0-9DA18E21D607}.Release|Any CPU.Build.0 = Release|Any CPU
	EndGlobalSection
	GlobalSection(SolutionProperties) = preSolution
		HideSolutionNode = FALSE
	EndGlobalSection
	GlobalSection(ExtensibilityGlobals) = postSolution
		SolutionGuid = {2E547B2B-28E1-4F10-A303-6E7152995F1E}
	EndGlobalSection
EndGlobal
